
Microsoft Visual Studio Solution File, Format Version 12.00
Project("{FAE04EC0-301F-11D3-BF4B-00C04F79EFBC}") = "Serializer", "Serializer\Serializer.csproj", "{563DFC68-2379-4CC6-BDC3-3AB1B9C18E1B}"
EndProject
Project("{FAE04EC0-301F-11D3-BF4B-00C04F79EFBC}") = "SuperSerializer", "SuperSerializer\SuperSerializer.csproj", "{6F42A344-60E7-4367-8F66-304551E13EB4}"
EndProject
Project("{FAE04EC0-301F-11D3-BF4B-00C04F79EFBC}") = "ArrayPoolSerializer", "ArrayPoolSerializer\ArrayPoolSerializer.csproj", "{410178AF-54DB-47EF-AC0E-0A7E27A1EA6F}"
EndProject
Global
	GlobalSection(SolutionConfigurationPlatforms) = preSolution
		Debug|Any CPU = Debug|Any CPU
		Release|Any CPU = Release|Any CPU
	EndGlobalSection
	GlobalSection(ProjectConfigurationPlatforms) = postSolution
		{563DFC68-2379-4CC6-BDC3-3AB1B9C18E1B}.Debug|Any CPU.ActiveCfg = Debug|Any CPU
		{563DFC68-2379-4CC6-BDC3-3AB1B9C18E1B}.Debug|Any CPU.Build.0 = Debug|Any CPU
		{563DFC68-2379-4CC6-BDC3-3AB1B9C18E1B}.Release|Any CPU.ActiveCfg = Release|Any CPU
		{563DFC68-2379-4CC6-BDC3-3AB1B9C18E1B}.Release|Any CPU.Build.0 = Release|Any CPU
		{6F42A344-60E7-4367-8F66-304551E13EB4}.Debug|Any CPU.ActiveCfg = Debug|Any CPU
		{6F42A344-60E7-4367-8F66-304551E13EB4}.Debug|Any CPU.Build.0 = Debug|Any CPU
		{6F42A344-60E7-4367-8F66-304551E13EB4}.Release|Any CPU.ActiveCfg = Release|Any CPU
		{6F42A344-60E7-4367-8F66-304551E13EB4}.Release|Any CPU.Build.0 = Release|Any CPU
		{410178AF-54DB-47EF-AC0E-0A7E27A1EA6F}.Debug|Any CPU.ActiveCfg = Debug|Any CPU
		{410178AF-54DB-47EF-AC0E-0A7E27A1EA6F}.Debug|Any CPU.Build.0 = Debug|Any CPU
		{410178AF-54DB-47EF-AC0E-0A7E27A1EA6F}.Release|Any CPU.ActiveCfg = Release|Any CPU
		{410178AF-54DB-47EF-AC0E-0A7E27A1EA6F}.Release|Any CPU.Build.0 = Release|Any CPU
	EndGlobalSection
EndGlobal
